
Microsoft Visual Studio Solution File, Format Version 12.00
# Visual Studio Version 17
VisualStudioVersion = 17.14.36623.8 d17.14
MinimumVisualStudioVersion = 10.0.40219.1
Project("{FAE04EC0-301F-11D3-BF4B-00C04F79EFBC}") = "Calculator", "Calculator\Calculator.csproj", "{070DCEF4-10B4-4BA5-88FC-2F84EBDE7BF3}"
EndProject
Global
	GlobalSection(SolutionConfigurationPlatforms) = preSolution
		Debug|Any CPU = Debug|Any CPU
		Release|Any CPU = Release|Any CPU
	EndGlobalSection
	GlobalSection(ProjectConfigurationPlatforms) = postSolution
		{070DCEF4-10B4-4BA5-88FC-2F84EBDE7BF3}.Debug|Any CPU.ActiveCfg = Debug|Any CPU
		{070DCEF4-10B4-4BA5-88FC-2F84EBDE7BF3}.Debug|Any CPU.Build.0 = Debug|Any CPU
		{070DCEF4-10B4-4BA5-88FC-2F84EBDE7BF3}.Release|Any CPU.ActiveCfg = Release|Any CPU
		{070DCEF4-10B4-4BA5-88FC-2F84EBDE7BF3}.Release|Any CPU.Build.0 = Release|Any CPU
	EndGlobalSection
	GlobalSection(SolutionProperties) = preSolution
		HideSolutionNode = FALSE
	EndGlobalSection
	GlobalSection(ExtensibilityGlobals) = postSolution
		SolutionGuid = {E19A6FED-9FCC-4D8E-A95D-31F3A02077DA}
	EndGlobalSection
EndGlobal
